// !$*UTF8*$!
{
	archiveVersion = 1;
	classes = {
	};
	objectVersion = 50;
	objects = {

/* Begin PBXBuildFile section */
		918CE4832246735A0025905E /* AppDelegate.swift in Sources */ = {isa = PBXBuildFile; fileRef = 918CE4822246735A0025905E /* AppDelegate.swift */; };
		918CE4852246735A0025905E /* ViewController.swift in Sources */ = {isa = PBXBuildFile; fileRef = 918CE4842246735A0025905E /* ViewController.swift */; };
		918CE4882246735A0025905E /* Main.storyboard in Resources */ = {isa = PBXBuildFile; fileRef = 918CE4862246735A0025905E /* Main.storyboard */; };
		918CE48A2246735C0025905E /* Assets.xcassets in Resources */ = {isa = PBXBuildFile; fileRef = 918CE4892246735C0025905E /* Assets.xcassets */; };
		918CE48D2246735C0025905E /* LaunchScreen.storyboard in Resources */ = {isa = PBXBuildFile; fileRef = 918CE48B2246735C0025905E /* LaunchScreen.storyboard */; };
		918CE4962247DDC10025905E /* level2.txt in Resources */ = {isa = PBXBuildFile; fileRef = 918CE4942247DDC10025905E /* level2.txt */; };
		918CE4972247DDC10025905E /* level1.txt in Resources */ = {isa = PBXBuildFile; fileRef = 918CE4952247DDC10025905E /* level1.txt */; };
/* End PBXBuildFile section */

/* Begin PBXFileReference section */
		918CE47F2246735A0025905E /* SwiftyWords.app */ = {isa = PBXFileReference; explicitFileType = wrapper.application; includeInIndex = 0; path = SwiftyWords.app; sourceTree = BUILT_PRODUCTS_DIR; };
		918CE4822246735A0025905E /* AppDelegate.swift */ = {isa = PBXFileReference; lastKnownFileType = sourcecode.swift; path = AppDelegate.swift; sourceTree = "<group>"; };
		918CE4842246735A0025905E /* ViewController.swift */ = {isa = PBXFileReference; lastKnownFileType = sourcecode.swift; path = ViewController.swift; sourceTree = "<group>"; };
		918CE4872246735A0025905E /* Base */ = {isa = PBXFileReference; lastKnownFileType = file.storyboard; name = Base; path = Base.lproj/Main.storyboard; sourceTree = "<group>"; };
		918CE4892246735C0025905E /* Assets.xcassets */ = {isa = PBXFileReference; lastKnownFileType = folder.assetcatalog; path = Assets.xcassets; sourceTree = "<group>"; };
		918CE48C2246735C0025905E /* Base */ = {isa = PBXFileReference; lastKnownFileType = file.storyboard; name = Base; path = Base.lproj/LaunchScreen.storyboard; sourceTree = "<group>"; };
		918CE48E2246735C0025905E /* Info.plist */ = {isa = PBXFileReference; lastKnownFileType = text.plist.xml; path = Info.plist; sourceTree = "<group>"; };
		918CE4942247DDC10025905E /* level2.txt */ = {isa = PBXFileReference; fileEncoding = 4; lastKnownFileType = text; path = level2.txt; sourceTree = "<group>"; };
		918CE4952247DDC10025905E /* level1.txt */ = {isa = PBXFileReference; fileEncoding = 4; lastKnownFileType = text; path = level1.txt; sourceTree = "<group>"; };
/* End PBXFileReference section */

/* Begin PBXFrameworksBuildPhase section */
		918CE47C2246735A0025905E /* Frameworks */ = {
			isa = PBXFrameworksBuildPhase;
			buildActionMask = 2147483647;
			files = (
			);
			runOnlyForDeploymentPostprocessing = 0;
		};
/* End PBXFrameworksBuildPhase section */

/* Begin PBXGroup section */
		918CE4762246735A0025905E = {
			isa = PBXGroup;
			children = (
				918CE4812246735A0025905E /* SwiftyWords */,
				918CE4802246735A0025905E /* Products */,
			);
			sourceTree = "<group>";
		};
		918CE4802246735A0025905E /* Products */ = {
			isa = PBXGroup;
			children = (
				918CE47F2246735A0025905E /* SwiftyWords.app */,
			);
			name = Products;
			sourceTree = "<group>";
		};
		918CE4812246735A0025905E /* SwiftyWords */ = {
			isa = PBXGroup;
			children = (
				918CE4822246735A0025905E /* AppDelegate.swift */,
				918CE4842246735A0025905E /* ViewController.swift */,
				918CE4862246735A0025905E /* Main.storyboard */,
				918CE4892246735C0025905E /* Assets.xcassets */,
				918CE48B2246735C0025905E /* LaunchScreen.storyboard */,
				918CE4952247DDC10025905E /* level1.txt */,
				918CE4942247DDC10025905E /* level2.txt */,
				918CE48E2246735C0025905E /* Info.plist */,
			);
			path = SwiftyWords;
			sourceTree = "<group>";
		};
/* End PBXGroup section */

/* Begin PBXNativeTarget section */
		918CE47E2246735A0025905E /* SwiftyWords */ = {
			isa = PBXNativeTarget;
			buildConfigurationList = 918CE4912246735C0025905E /* Build configuration list for PBXNativeTarget "SwiftyWords" */;
			buildPhases = (
				918CE47B2246735A0025905E /* Sources */,
				918CE47C2246735A0025905E /* Frameworks */,
				918CE47D2246735A0025905E /* Resources */,
			);
			buildRules = (
			);
			dependencies = (
			);
			name = SwiftyWords;
			productName = SwiftyWords;
			productReference = 918CE47F2246735A0025905E /* SwiftyWords.app */;
			productType = "com.apple.product-type.application";
		};
/* End PBXNativeTarget section */

/* Begin PBXProject section */
		918CE4772246735A0025905E /* Project object */ = {
			isa = PBXProject;
			attributes = {
				LastSwiftUpdateCheck = 1010;
				LastUpgradeCheck = 1010;
				ORGANIZATIONNAME = "Tianna Henry-Lewis";
				TargetAttributes = {
					918CE47E2246735A0025905E = {
						CreatedOnToolsVersion = 10.1;
					};
				};
			};
			buildConfigurationList = 918CE47A2246735A0025905E /* Build configuration list for PBXProject "SwiftyWords" */;
			compatibilityVersion = "Xcode 9.3";
			developmentRegion = en;
			hasScannedForEncodings = 0;
			knownRegions = (
				en,
				Base,
			);
			mainGroup = 918CE4762246735A0025905E;
			productRefGroup = 918CE4802246735A0025905E /* Products */;
			projectDirPath = "";
			projectRoot = "";
			targets = (
				918CE47E2246735A0025905E /* SwiftyWords */,
			);
		};
/* End PBXProject section */

/* Begin PBXResourcesBuildPhase section */
		918CE47D2246735A0025905E /* Resources */ = {
			isa = PBXResourcesBuildPhase;
			buildActionMask = 2147483647;
			files = (
				918CE4972247DDC10025905E /* level1.txt in Resources */,
				918CE48D2246735C0025905E /* LaunchScreen.storyboard in Resources */,
				918CE48A2246735C0025905E /* Assets.xcassets in Resources */,
				918CE4962247DDC10025905E /* level2.txt in Resources */,
				918CE4882246735A0025905E /* Main.storyboard in Resources */,
			);
			runOnlyForDeploymentPostprocessing = 0;
		};
/* End PBXResourcesBuildPhase section */

/* Begin PBXSourcesBuildPhase section */
		918CE47B2246735A0025905E /* Sources */ = {
			isa = PBXSourcesBuildPhase;
			buildActionMask = 2147483647;
			files = (
				918CE4852246735A0025905E /* ViewController.swift in Sources */,
				918CE4832246735A0025905E /* AppDelegate.swift in Sources */,
			);
			runOnlyForDeploymentPostprocessing = 0;
		};
/* End PBXSourcesBuildPhase section */

/* Begin PBXVariantGroup section */
		918CE4862246735A0025905E /* Main.storyboard */ = {
			isa = PBXVariantGroup;
			children = (
				918CE4872246735A0025905E /* Base */,
			);
			name = Main.storyboard;
			sourceTree = "<group>";
		};
		918CE48B2246735C0025905E /* LaunchScreen.storyboard */ = {
			isa = PBXVariantGroup;
			children = (
				918CE48C2246735C0025905E /* Base */,
			);
			name = LaunchScreen.storyboard;
			sourceTree = "<group>";
		};
/* End PBXVariantGroup section */

/* Begin XCBuildConfiguration section */
		918CE48F2246735C0025905E /* Debug */ = {
			isa = XCBuildConfiguration;
			buildSettings = {
				ALWAYS_SEARCH_USER_PATHS = NO;
				CLANG_ANALYZER_NONNULL = YES;
				CLANG_ANALYZER_NUMBER_OBJECT_CONVERSION = YES_AGGRESSIVE;
				CLANG_CXX_LANGUAGE_STANDARD = "gnu++14";
				CLANG_CXX_LIBRARY = "libc++";
				CLANG_ENABLE_MODULES = YES;
				CLANG_ENABLE_OBJC_ARC = YES;
				CLANG_ENABLE_OBJC_WEAK = YES;
				CLANG_WARN_BLOCK_CAPTURE_AUTORELEASING = YES;
				CLANG_WARN_BOOL_CONVERSION = YES;
				CLANG_WARN_COMMA = YES;
				CLANG_WARN_CONSTANT_CONVERSION = YES;
				CLANG_WARN_DEPRECATED_OBJC_IMPLEMENTATIONS = YES;
				CLANG_WARN_DIRECT_OBJC_ISA_USAGE = YES_ERROR;
				CLANG_WARN_DOCUMENTATION_COMMENTS = YES;
				CLANG_WARN_EMPTY_BODY = YES;
				CLANG_WARN_ENUM_CONVERSION = YES;
				CLANG_WARN_INFINITE_RECURSION = YES;
				CLANG_WARN_INT_CONVERSION = YES;
				CLANG_WARN_NON_LITERAL_NULL_CONVERSION = YES;
				CLANG_WARN_OBJC_IMPLICIT_RETAIN_SELF = YES;
				CLANG_WARN_OBJC_LITERAL_CONVERSION = YES;
				CLANG_WARN_OBJC_ROOT_CLASS = YES_ERROR;
				CLANG_WARN_RANGE_LOOP_ANALYSIS = YES;
				CLANG_WARN_STRICT_PROTOTYPES = YES;
				CLANG_WARN_SUSPICIOUS_MOVE = YES;
				CLANG_WARN_UNGUARDED_AVAILABILITY = YES_AGGRESSIVE;
				CLANG_WARN_UNREACHABLE_CODE = YES;
				CLANG_WARN__DUPLICATE_METHOD_MATCH = YES;
				CODE_SIGN_IDENTITY = "iPhone Developer";
				COPY_PHASE_STRIP = NO;
				DEBUG_INFORMATION_FORMAT = dwarf;
				ENABLE_STRICT_OBJC_MSGSEND = YES;
				ENABLE_TESTABILITY = YES;
				GCC_C_LANGUAGE_STANDARD = gnu11;
				GCC_DYNAMIC_NO_PIC = NO;
				GCC_NO_COMMON_BLOCKS = YES;
				GCC_OPTIMIZATION_LEVEL = 0;
				GCC_PREPROCESSOR_DEFINITIONS = (
					"DEBUG=1",
					"$(inherited)",
				);
				GCC_WARN_64_TO_32_BIT_CONVERSION = YES;
				GCC_WARN_ABOUT_RETURN_TYPE = YES_ERROR;
				GCC_WARN_UNDECLARED_SELECTOR = YES;
				GCC_WARN_UNINITIALIZED_AUTOS = YES_AGGRESSIVE;
				GCC_WARN_UNUSED_FUNCTION = YES;
				GCC_WARN_UNUSED_VARIABLE = YES;
				IPHONEOS_DEPLOYMENT_TARGET = 12.1;
				MTL_ENABLE_DEBUG_INFO = INCLUDE_SOURCE;
				MTL_FAST_MATH = YES;
				ONLY_ACTIVE_ARCH = YES;
				SDKROOT = iphoneos;
				SWIFT_ACTIVE_COMPILATION_CONDITIONS = DEBUG;
				SWIFT_OPTIMIZATION_LEVEL = "-Onone";
			};
			name = Debug;
		};
		918CE4902246735C0025905E /* Release */ = {
			isa = XCBuildConfiguration;
			buildSettings = {
				ALWAYS_SEARCH_USER_PATHS = NO;
				CLANG_ANALYZER_NONNULL = YES;
				CLANG_ANALYZER_NUMBER_OBJECT_CONVERSION = YES_AGGRESSIVE;
				CLANG_CXX_LANGUAGE_STANDARD = "gnu++14";
				CLANG_CXX_LIBRARY = "libc++";
				CLANG_ENABLE_MODULES = YES;
				CLANG_ENABLE_OBJC_ARC = YES;
				CLANG_ENABLE_OBJC_WEAK = YES;
				CLANG_WARN_BLOCK_CAPTURE_AUTORELEASING = YES;
				CLANG_WARN_BOOL_CONVERSION = YES;
				CLANG_WARN_COMMA = YES;
				CLANG_WARN_CONSTANT_CONVERSION = YES;
				CLANG_WARN_DEPRECATED_OBJC_IMPLEMENTATIONS = YES;
				CLANG_WARN_DIRECT_OBJC_ISA_USAGE = YES_ERROR;
				CLANG_WARN_DOCUMENTATION_COMMENTS = YES;
				CLANG_WARN_EMPTY_BODY = YES;
				CLANG_WARN_ENUM_CONVERSION = YES;
				CLANG_WARN_INFINITE_RECURSION = YES;
				CLANG_WARN_INT_CONVERSION = YES;
				CLANG_WARN_NON_LITERAL_NULL_CONVERSION = YES;
				CLANG_WARN_OBJC_IMPLICIT_RETAIN_SELF = YES;
				CLANG_WARN_OBJC_LITERAL_CONVERSION = YES;
				CLANG_WARN_OBJC_ROOT_CLASS = YES_ERROR;
				CLANG_WARN_RANGE_LOOP_ANALYSIS = YES;
				CLANG_WARN_STRICT_PROTOTYPES = YES;
				CLANG_WARN_SUSPICIOUS_MOVE = YES;
				CLANG_WARN_UNGUARDED_AVAILABILITY = YES_AGGRESSIVE;
				CLANG_WARN_UNREACHABLE_CODE = YES;
				CLANG_WARN__DUPLICATE_METHOD_MATCH = YES;
				CODE_SIGN_IDENTITY = "iPhone Developer";
				COPY_PHASE_STRIP = NO;
				DEBUG_INFORMATION_FORMAT = "dwarf-with-dsym";
				ENABLE_NS_ASSERTIONS = NO;
				ENABLE_STRICT_OBJC_MSGSEND = YES;
				GCC_C_LANGUAGE_STANDARD = gnu11;
				GCC_NO_COMMON_BLOCKS = YES;
				GCC_WARN_64_TO_32_BIT_CONVERSION = YES;
				GCC_WARN_ABOUT_RETURN_TYPE = YES_ERROR;
				GCC_WARN_UNDECLARED_SELECTOR = YES;
				GCC_WARN_UNINITIALIZED_AUTOS = YES_AGGRESSIVE;
				GCC_WARN_UNUSED_FUNCTION = YES;
				GCC_WARN_UNUSED_VARIABLE = YES;
				IPHONEOS_DEPLOYMENT_TARGET = 12.1;
				MTL_ENABLE_DEBUG_INFO = NO;
				MTL_FAST_MATH = YES;
				SDKROOT = iphoneos;
				SWIFT_COMPILATION_MODE = wholemodule;
				SWIFT_OPTIMIZATION_LEVEL = "-O";
				VALIDATE_PRODUCT = YES;
			};
			name = Release;
		};
		918CE4922246735C0025905E /* Debug */ = {
			isa = XCBuildConfiguration;
			buildSettings = {
				ASSETCATALOG_COMPILER_APPICON_NAME = AppIcon;
				CODE_SIGN_STYLE = Automatic;
				INFOPLIST_FILE = SwiftyWords/Info.plist;
				LD_RUNPATH_SEARCH_PATHS = (
					"$(inherited)",
					"@executable_path/Frameworks",
				);
				PRODUCT_BUNDLE_IDENTIFIER = com.tiannahenrylewis.SwiftyWords;
				PRODUCT_NAME = "$(TARGET_NAME)";
				SWIFT_VERSION = 4.2;
				TARGETED_DEVICE_FAMILY = 2;
			};
			name = Debug;
		};
		918CE4932246735C0025905E /* Release */ = {
			isa = XCBuildConfiguration;
			buildSettings = {
				ASSETCATALOG_COMPILER_APPICON_NAME = AppIcon;
				CODE_SIGN_STYLE = Automatic;
				INFOPLIST_FILE = SwiftyWords/Info.plist;
				LD_RUNPATH_SEARCH_PATHS = (
					"$(inherited)",
					"@executable_path/Frameworks",
				);
				PRODUCT_BUNDLE_IDENTIFIER = com.tiannahenrylewis.SwiftyWords;
				PRODUCT_NAME = "$(TARGET_NAME)";
				SWIFT_VERSION = 4.2;
				TARGETED_DEVICE_FAMILY = 2;
			};
			name = Release;
		};
/* End XCBuildConfiguration section */

/* Begin XCConfigurationList section */
		918CE47A2246735A0025905E /* Build configuration list for PBXProject "SwiftyWords" */ = {
			isa = XCConfigurationList;
			buildConfigurations = (
				918CE48F2246735C0025905E /* Debug */,
				918CE4902246735C0025905E /* Release */,
			);
			defaultConfigurationIsVisible = 0;
			defaultConfigurationName = Release;
		};
		918CE4912246735C0025905E /* Build configuration list for PBXNativeTarget "SwiftyWords" */ = {
			isa = XCConfigurationList;
			buildConfigurations = (
				918CE4922246735C0025905E /* Debug */,
				918CE4932246735C0025905E /* Release */,
			);
			defaultConfigurationIsVisible = 0;
			defaultConfigurationName = Release;
		};
/* End XCConfigurationList section */
	};
	rootObject = 918CE4772246735A0025905E /* Project object */;
}
