// !$*UTF8*$!
{
	archiveVersion = 1;
	classes = {
	};
	objectVersion = 50;
	objects = {

/* Begin PBXBuildFile section */
		91FF70EA2233411700EE470B /* AppDelegate.swift in Sources */ = {isa = PBXBuildFile; fileRef = 91FF70E92233411700EE470B /* AppDelegate.swift */; };
		91FF70EC2233411700EE470B /* ViewController.swift in Sources */ = {isa = PBXBuildFile; fileRef = 91FF70EB2233411700EE470B /* ViewController.swift */; };
		91FF70EF2233411700EE470B /* Main.storyboard in Resources */ = {isa = PBXBuildFile; fileRef = 91FF70ED2233411700EE470B /* Main.storyboard */; };
		91FF70F12233411900EE470B /* Assets.xcassets in Resources */ = {isa = PBXBuildFile; fileRef = 91FF70F02233411900EE470B /* Assets.xcassets */; };
		91FF70F42233411900EE470B /* LaunchScreen.storyboard in Resources */ = {isa = PBXBuildFile; fileRef = 91FF70F22233411900EE470B /* LaunchScreen.storyboard */; };
		91FF7108223343CE00EE470B /* estonia.png in Resources */ = {isa = PBXBuildFile; fileRef = 91FF70FC223343CE00EE470B /* estonia.png */; };
		91FF7109223343CE00EE470B /* france.png in Resources */ = {isa = PBXBuildFile; fileRef = 91FF70FD223343CE00EE470B /* france.png */; };
		91FF710A223343CE00EE470B /* us.png in Resources */ = {isa = PBXBuildFile; fileRef = 91FF70FE223343CE00EE470B /* us.png */; };
		91FF710B223343CE00EE470B /* ireland.png in Resources */ = {isa = PBXBuildFile; fileRef = 91FF70FF223343CE00EE470B /* ireland.png */; };
		91FF710C223343CE00EE470B /* italy.png in Resources */ = {isa = PBXBuildFile; fileRef = 91FF7100223343CE00EE470B /* italy.png */; };
		91FF710D223343CE00EE470B /* russia.png in Resources */ = {isa = PBXBuildFile; fileRef = 91FF7101223343CE00EE470B /* russia.png */; };
		91FF710E223343CE00EE470B /* monaco.png in Resources */ = {isa = PBXBuildFile; fileRef = 91FF7102223343CE00EE470B /* monaco.png */; };
		91FF710F223343CE00EE470B /* germany.png in Resources */ = {isa = PBXBuildFile; fileRef = 91FF7103223343CE00EE470B /* germany.png */; };
		91FF7110223343CE00EE470B /* nigeria.png in Resources */ = {isa = PBXBuildFile; fileRef = 91FF7104223343CE00EE470B /* nigeria.png */; };
		91FF7111223343CE00EE470B /* spain.png in Resources */ = {isa = PBXBuildFile; fileRef = 91FF7105223343CE00EE470B /* spain.png */; };
		91FF7112223343CE00EE470B /* uk.png in Resources */ = {isa = PBXBuildFile; fileRef = 91FF7106223343CE00EE470B /* uk.png */; };
		91FF7113223343CE00EE470B /* poland.png in Resources */ = {isa = PBXBuildFile; fileRef = 91FF7107223343CE00EE470B /* poland.png */; };
		91FF7115223355FF00EE470B /* DetailViewController.swift in Sources */ = {isa = PBXBuildFile; fileRef = 91FF7114223355FF00EE470B /* DetailViewController.swift */; };
/* End PBXBuildFile section */

/* Begin PBXFileReference section */
		91FF70E62233411700EE470B /* FlagViewer.app */ = {isa = PBXFileReference; explicitFileType = wrapper.application; includeInIndex = 0; path = FlagViewer.app; sourceTree = BUILT_PRODUCTS_DIR; };
		91FF70E92233411700EE470B /* AppDelegate.swift */ = {isa = PBXFileReference; lastKnownFileType = sourcecode.swift; path = AppDelegate.swift; sourceTree = "<group>"; };
		91FF70EB2233411700EE470B /* ViewController.swift */ = {isa = PBXFileReference; lastKnownFileType = sourcecode.swift; path = ViewController.swift; sourceTree = "<group>"; };
		91FF70EE2233411700EE470B /* Base */ = {isa = PBXFileReference; lastKnownFileType = file.storyboard; name = Base; path = Base.lproj/Main.storyboard; sourceTree = "<group>"; };
		91FF70F02233411900EE470B /* Assets.xcassets */ = {isa = PBXFileReference; lastKnownFileType = folder.assetcatalog; path = Assets.xcassets; sourceTree = "<group>"; };
		91FF70F32233411900EE470B /* Base */ = {isa = PBXFileReference; lastKnownFileType = file.storyboard; name = Base; path = Base.lproj/LaunchScreen.storyboard; sourceTree = "<group>"; };
		91FF70F52233411900EE470B /* Info.plist */ = {isa = PBXFileReference; lastKnownFileType = text.plist.xml; path = Info.plist; sourceTree = "<group>"; };
		91FF70FC223343CE00EE470B /* estonia.png */ = {isa = PBXFileReference; lastKnownFileType = image.png; path = estonia.png; sourceTree = "<group>"; };
		91FF70FD223343CE00EE470B /* france.png */ = {isa = PBXFileReference; lastKnownFileType = image.png; path = france.png; sourceTree = "<group>"; };
		91FF70FE223343CE00EE470B /* us.png */ = {isa = PBXFileReference; lastKnownFileType = image.png; path = us.png; sourceTree = "<group>"; };
		91FF70FF223343CE00EE470B /* ireland.png */ = {isa = PBXFileReference; lastKnownFileType = image.png; path = ireland.png; sourceTree = "<group>"; };
		91FF7100223343CE00EE470B /* italy.png */ = {isa = PBXFileReference; lastKnownFileType = image.png; path = italy.png; sourceTree = "<group>"; };
		91FF7101223343CE00EE470B /* russia.png */ = {isa = PBXFileReference; lastKnownFileType = image.png; path = russia.png; sourceTree = "<group>"; };
		91FF7102223343CE00EE470B /* monaco.png */ = {isa = PBXFileReference; lastKnownFileType = image.png; path = monaco.png; sourceTree = "<group>"; };
		91FF7103223343CE00EE470B /* germany.png */ = {isa = PBXFileReference; lastKnownFileType = image.png; path = germany.png; sourceTree = "<group>"; };
		91FF7104223343CE00EE470B /* nigeria.png */ = {isa = PBXFileReference; lastKnownFileType = image.png; path = nigeria.png; sourceTree = "<group>"; };
		91FF7105223343CE00EE470B /* spain.png */ = {isa = PBXFileReference; lastKnownFileType = image.png; path = spain.png; sourceTree = "<group>"; };
		91FF7106223343CE00EE470B /* uk.png */ = {isa = PBXFileReference; lastKnownFileType = image.png; path = uk.png; sourceTree = "<group>"; };
		91FF7107223343CE00EE470B /* poland.png */ = {isa = PBXFileReference; lastKnownFileType = image.png; path = poland.png; sourceTree = "<group>"; };
		91FF7114223355FF00EE470B /* DetailViewController.swift */ = {isa = PBXFileReference; lastKnownFileType = sourcecode.swift; path = DetailViewController.swift; sourceTree = "<group>"; };
/* End PBXFileReference section */

/* Begin PBXFrameworksBuildPhase section */
		91FF70E32233411700EE470B /* Frameworks */ = {
			isa = PBXFrameworksBuildPhase;
			buildActionMask = 2147483647;
			files = (
			);
			runOnlyForDeploymentPostprocessing = 0;
		};
/* End PBXFrameworksBuildPhase section */

/* Begin PBXGroup section */
		91FF70DD2233411600EE470B = {
			isa = PBXGroup;
			children = (
				91FF70E82233411700EE470B /* FlagViewer */,
				91FF70E72233411700EE470B /* Products */,
			);
			sourceTree = "<group>";
		};
		91FF70E72233411700EE470B /* Products */ = {
			isa = PBXGroup;
			children = (
				91FF70E62233411700EE470B /* FlagViewer.app */,
			);
			name = Products;
			sourceTree = "<group>";
		};
		91FF70E82233411700EE470B /* FlagViewer */ = {
			isa = PBXGroup;
			children = (
				91FF70E92233411700EE470B /* AppDelegate.swift */,
				91FF70EB2233411700EE470B /* ViewController.swift */,
				91FF7114223355FF00EE470B /* DetailViewController.swift */,
				91FF70ED2233411700EE470B /* Main.storyboard */,
				91FF70F02233411900EE470B /* Assets.xcassets */,
				91FF70F22233411900EE470B /* LaunchScreen.storyboard */,
				91FF70F52233411900EE470B /* Info.plist */,
				91FF70FB2233431A00EE470B /* Contents */,
			);
			path = FlagViewer;
			sourceTree = "<group>";
		};
		91FF70FB2233431A00EE470B /* Contents */ = {
			isa = PBXGroup;
			children = (
				91FF70FC223343CE00EE470B /* estonia.png */,
				91FF70FD223343CE00EE470B /* france.png */,
				91FF7103223343CE00EE470B /* germany.png */,
				91FF70FF223343CE00EE470B /* ireland.png */,
				91FF7100223343CE00EE470B /* italy.png */,
				91FF7102223343CE00EE470B /* monaco.png */,
				91FF7104223343CE00EE470B /* nigeria.png */,
				91FF7107223343CE00EE470B /* poland.png */,
				91FF7101223343CE00EE470B /* russia.png */,
				91FF7105223343CE00EE470B /* spain.png */,
				91FF7106223343CE00EE470B /* uk.png */,
				91FF70FE223343CE00EE470B /* us.png */,
			);
			path = Contents;
			sourceTree = "<group>";
		};
/* End PBXGroup section */

/* Begin PBXNativeTarget section */
		91FF70E52233411700EE470B /* FlagViewer */ = {
			isa = PBXNativeTarget;
			buildConfigurationList = 91FF70F82233411900EE470B /* Build configuration list for PBXNativeTarget "FlagViewer" */;
			buildPhases = (
				91FF70E22233411700EE470B /* Sources */,
				91FF70E32233411700EE470B /* Frameworks */,
				91FF70E42233411700EE470B /* Resources */,
			);
			buildRules = (
			);
			dependencies = (
			);
			name = FlagViewer;
			productName = FlagViewer;
			productReference = 91FF70E62233411700EE470B /* FlagViewer.app */;
			productType = "com.apple.product-type.application";
		};
/* End PBXNativeTarget section */

/* Begin PBXProject section */
		91FF70DE2233411700EE470B /* Project object */ = {
			isa = PBXProject;
			attributes = {
				LastSwiftUpdateCheck = 1010;
				LastUpgradeCheck = 1010;
				ORGANIZATIONNAME = "Tianna Henry-Lewis";
				TargetAttributes = {
					91FF70E52233411700EE470B = {
						CreatedOnToolsVersion = 10.1;
					};
				};
			};
			buildConfigurationList = 91FF70E12233411700EE470B /* Build configuration list for PBXProject "FlagViewer" */;
			compatibilityVersion = "Xcode 9.3";
			developmentRegion = en;
			hasScannedForEncodings = 0;
			knownRegions = (
				en,
				Base,
			);
			mainGroup = 91FF70DD2233411600EE470B;
			productRefGroup = 91FF70E72233411700EE470B /* Products */;
			projectDirPath = "";
			projectRoot = "";
			targets = (
				91FF70E52233411700EE470B /* FlagViewer */,
			);
		};
/* End PBXProject section */

/* Begin PBXResourcesBuildPhase section */
		91FF70E42233411700EE470B /* Resources */ = {
			isa = PBXResourcesBuildPhase;
			buildActionMask = 2147483647;
			files = (
				91FF7109223343CE00EE470B /* france.png in Resources */,
				91FF7112223343CE00EE470B /* uk.png in Resources */,
				91FF70F42233411900EE470B /* LaunchScreen.storyboard in Resources */,
				91FF710F223343CE00EE470B /* germany.png in Resources */,
				91FF710E223343CE00EE470B /* monaco.png in Resources */,
				91FF7108223343CE00EE470B /* estonia.png in Resources */,
				91FF7110223343CE00EE470B /* nigeria.png in Resources */,
				91FF710B223343CE00EE470B /* ireland.png in Resources */,
				91FF710A223343CE00EE470B /* us.png in Resources */,
				91FF70F12233411900EE470B /* Assets.xcassets in Resources */,
				91FF70EF2233411700EE470B /* Main.storyboard in Resources */,
				91FF7113223343CE00EE470B /* poland.png in Resources */,
				91FF7111223343CE00EE470B /* spain.png in Resources */,
				91FF710C223343CE00EE470B /* italy.png in Resources */,
				91FF710D223343CE00EE470B /* russia.png in Resources */,
			);
			runOnlyForDeploymentPostprocessing = 0;
		};
/* End PBXResourcesBuildPhase section */

/* Begin PBXSourcesBuildPhase section */
		91FF70E22233411700EE470B /* Sources */ = {
			isa = PBXSourcesBuildPhase;
			buildActionMask = 2147483647;
			files = (
				91FF7115223355FF00EE470B /* DetailViewController.swift in Sources */,
				91FF70EC2233411700EE470B /* ViewController.swift in Sources */,
				91FF70EA2233411700EE470B /* AppDelegate.swift in Sources */,
			);
			runOnlyForDeploymentPostprocessing = 0;
		};
/* End PBXSourcesBuildPhase section */

/* Begin PBXVariantGroup section */
		91FF70ED2233411700EE470B /* Main.storyboard */ = {
			isa = PBXVariantGroup;
			children = (
				91FF70EE2233411700EE470B /* Base */,
			);
			name = Main.storyboard;
			sourceTree = "<group>";
		};
		91FF70F22233411900EE470B /* LaunchScreen.storyboard */ = {
			isa = PBXVariantGroup;
			children = (
				91FF70F32233411900EE470B /* Base */,
			);
			name = LaunchScreen.storyboard;
			sourceTree = "<group>";
		};
/* End PBXVariantGroup section */

/* Begin XCBuildConfiguration section */
		91FF70F62233411900EE470B /* Debug */ = {
			isa = XCBuildConfiguration;
			buildSettings = {
				ALWAYS_SEARCH_USER_PATHS = NO;
				CLANG_ANALYZER_NONNULL = YES;
				CLANG_ANALYZER_NUMBER_OBJECT_CONVERSION = YES_AGGRESSIVE;
				CLANG_CXX_LANGUAGE_STANDARD = "gnu++14";
				CLANG_CXX_LIBRARY = "libc++";
				CLANG_ENABLE_MODULES = YES;
				CLANG_ENABLE_OBJC_ARC = YES;
				CLANG_ENABLE_OBJC_WEAK = YES;
				CLANG_WARN_BLOCK_CAPTURE_AUTORELEASING = YES;
				CLANG_WARN_BOOL_CONVERSION = YES;
				CLANG_WARN_COMMA = YES;
				CLANG_WARN_CONSTANT_CONVERSION = YES;
				CLANG_WARN_DEPRECATED_OBJC_IMPLEMENTATIONS = YES;
				CLANG_WARN_DIRECT_OBJC_ISA_USAGE = YES_ERROR;
				CLANG_WARN_DOCUMENTATION_COMMENTS = YES;
				CLANG_WARN_EMPTY_BODY = YES;
				CLANG_WARN_ENUM_CONVERSION = YES;
				CLANG_WARN_INFINITE_RECURSION = YES;
				CLANG_WARN_INT_CONVERSION = YES;
				CLANG_WARN_NON_LITERAL_NULL_CONVERSION = YES;
				CLANG_WARN_OBJC_IMPLICIT_RETAIN_SELF = YES;
				CLANG_WARN_OBJC_LITERAL_CONVERSION = YES;
				CLANG_WARN_OBJC_ROOT_CLASS = YES_ERROR;
				CLANG_WARN_RANGE_LOOP_ANALYSIS = YES;
				CLANG_WARN_STRICT_PROTOTYPES = YES;
				CLANG_WARN_SUSPICIOUS_MOVE = YES;
				CLANG_WARN_UNGUARDED_AVAILABILITY = YES_AGGRESSIVE;
				CLANG_WARN_UNREACHABLE_CODE = YES;
				CLANG_WARN__DUPLICATE_METHOD_MATCH = YES;
				CODE_SIGN_IDENTITY = "iPhone Developer";
				COPY_PHASE_STRIP = NO;
				DEBUG_INFORMATION_FORMAT = dwarf;
				ENABLE_STRICT_OBJC_MSGSEND = YES;
				ENABLE_TESTABILITY = YES;
				GCC_C_LANGUAGE_STANDARD = gnu11;
				GCC_DYNAMIC_NO_PIC = NO;
				GCC_NO_COMMON_BLOCKS = YES;
				GCC_OPTIMIZATION_LEVEL = 0;
				GCC_PREPROCESSOR_DEFINITIONS = (
					"DEBUG=1",
					"$(inherited)",
				);
				GCC_WARN_64_TO_32_BIT_CONVERSION = YES;
				GCC_WARN_ABOUT_RETURN_TYPE = YES_ERROR;
				GCC_WARN_UNDECLARED_SELECTOR = YES;
				GCC_WARN_UNINITIALIZED_AUTOS = YES_AGGRESSIVE;
				GCC_WARN_UNUSED_FUNCTION = YES;
				GCC_WARN_UNUSED_VARIABLE = YES;
				IPHONEOS_DEPLOYMENT_TARGET = 12.1;
				MTL_ENABLE_DEBUG_INFO = INCLUDE_SOURCE;
				MTL_FAST_MATH = YES;
				ONLY_ACTIVE_ARCH = YES;
				SDKROOT = iphoneos;
				SWIFT_ACTIVE_COMPILATION_CONDITIONS = DEBUG;
				SWIFT_OPTIMIZATION_LEVEL = "-Onone";
			};
			name = Debug;
		};
		91FF70F72233411900EE470B /* Release */ = {
			isa = XCBuildConfiguration;
			buildSettings = {
				ALWAYS_SEARCH_USER_PATHS = NO;
				CLANG_ANALYZER_NONNULL = YES;
				CLANG_ANALYZER_NUMBER_OBJECT_CONVERSION = YES_AGGRESSIVE;
				CLANG_CXX_LANGUAGE_STANDARD = "gnu++14";
				CLANG_CXX_LIBRARY = "libc++";
				CLANG_ENABLE_MODULES = YES;
				CLANG_ENABLE_OBJC_ARC = YES;
				CLANG_ENABLE_OBJC_WEAK = YES;
				CLANG_WARN_BLOCK_CAPTURE_AUTORELEASING = YES;
				CLANG_WARN_BOOL_CONVERSION = YES;
				CLANG_WARN_COMMA = YES;
				CLANG_WARN_CONSTANT_CONVERSION = YES;
				CLANG_WARN_DEPRECATED_OBJC_IMPLEMENTATIONS = YES;
				CLANG_WARN_DIRECT_OBJC_ISA_USAGE = YES_ERROR;
				CLANG_WARN_DOCUMENTATION_COMMENTS = YES;
				CLANG_WARN_EMPTY_BODY = YES;
				CLANG_WARN_ENUM_CONVERSION = YES;
				CLANG_WARN_INFINITE_RECURSION = YES;
				CLANG_WARN_INT_CONVERSION = YES;
				CLANG_WARN_NON_LITERAL_NULL_CONVERSION = YES;
				CLANG_WARN_OBJC_IMPLICIT_RETAIN_SELF = YES;
				CLANG_WARN_OBJC_LITERAL_CONVERSION = YES;
				CLANG_WARN_OBJC_ROOT_CLASS = YES_ERROR;
				CLANG_WARN_RANGE_LOOP_ANALYSIS = YES;
				CLANG_WARN_STRICT_PROTOTYPES = YES;
				CLANG_WARN_SUSPICIOUS_MOVE = YES;
				CLANG_WARN_UNGUARDED_AVAILABILITY = YES_AGGRESSIVE;
				CLANG_WARN_UNREACHABLE_CODE = YES;
				CLANG_WARN__DUPLICATE_METHOD_MATCH = YES;
				CODE_SIGN_IDENTITY = "iPhone Developer";
				COPY_PHASE_STRIP = NO;
				DEBUG_INFORMATION_FORMAT = "dwarf-with-dsym";
				ENABLE_NS_ASSERTIONS = NO;
				ENABLE_STRICT_OBJC_MSGSEND = YES;
				GCC_C_LANGUAGE_STANDARD = gnu11;
				GCC_NO_COMMON_BLOCKS = YES;
				GCC_WARN_64_TO_32_BIT_CONVERSION = YES;
				GCC_WARN_ABOUT_RETURN_TYPE = YES_ERROR;
				GCC_WARN_UNDECLARED_SELECTOR = YES;
				GCC_WARN_UNINITIALIZED_AUTOS = YES_AGGRESSIVE;
				GCC_WARN_UNUSED_FUNCTION = YES;
				GCC_WARN_UNUSED_VARIABLE = YES;
				IPHONEOS_DEPLOYMENT_TARGET = 12.1;
				MTL_ENABLE_DEBUG_INFO = NO;
				MTL_FAST_MATH = YES;
				SDKROOT = iphoneos;
				SWIFT_COMPILATION_MODE = wholemodule;
				SWIFT_OPTIMIZATION_LEVEL = "-O";
				VALIDATE_PRODUCT = YES;
			};
			name = Release;
		};
		91FF70F92233411900EE470B /* Debug */ = {
			isa = XCBuildConfiguration;
			buildSettings = {
				ASSETCATALOG_COMPILER_APPICON_NAME = AppIcon;
				CODE_SIGN_STYLE = Automatic;
				DEVELOPMENT_TEAM = 9WDM8695CA;
				INFOPLIST_FILE = FlagViewer/Info.plist;
				LD_RUNPATH_SEARCH_PATHS = (
					"$(inherited)",
					"@executable_path/Frameworks",
				);
				PRODUCT_BUNDLE_IDENTIFIER = com.tiannahenrylewis.FlagViewer;
				PRODUCT_NAME = "$(TARGET_NAME)";
				SWIFT_VERSION = 4.2;
				TARGETED_DEVICE_FAMILY = "1,2";
			};
			name = Debug;
		};
		91FF70FA2233411900EE470B /* Release */ = {
			isa = XCBuildConfiguration;
			buildSettings = {
				ASSETCATALOG_COMPILER_APPICON_NAME = AppIcon;
				CODE_SIGN_STYLE = Automatic;
				DEVELOPMENT_TEAM = 9WDM8695CA;
				INFOPLIST_FILE = FlagViewer/Info.plist;
				LD_RUNPATH_SEARCH_PATHS = (
					"$(inherited)",
					"@executable_path/Frameworks",
				);
				PRODUCT_BUNDLE_IDENTIFIER = com.tiannahenrylewis.FlagViewer;
				PRODUCT_NAME = "$(TARGET_NAME)";
				SWIFT_VERSION = 4.2;
				TARGETED_DEVICE_FAMILY = "1,2";
			};
			name = Release;
		};
/* End XCBuildConfiguration section */

/* Begin XCConfigurationList section */
		91FF70E12233411700EE470B /* Build configuration list for PBXProject "FlagViewer" */ = {
			isa = XCConfigurationList;
			buildConfigurations = (
				91FF70F62233411900EE470B /* Debug */,
				91FF70F72233411900EE470B /* Release */,
			);
			defaultConfigurationIsVisible = 0;
			defaultConfigurationName = Release;
		};
		91FF70F82233411900EE470B /* Build configuration list for PBXNativeTarget "FlagViewer" */ = {
			isa = XCConfigurationList;
			buildConfigurations = (
				91FF70F92233411900EE470B /* Debug */,
				91FF70FA2233411900EE470B /* Release */,
			);
			defaultConfigurationIsVisible = 0;
			defaultConfigurationName = Release;
		};
/* End XCConfigurationList section */
	};
	rootObject = 91FF70DE2233411700EE470B /* Project object */;
}
